
Microsoft Visual Studio Solution File, Format Version 12.00
# Visual Studio Version 16
VisualStudioVersion = 16.0.33130.400
MinimumVisualStudioVersion = 10.0.40219.1
Project("{8BC9CEB8-8B4A-11D0-8D11-00A0C91BC942}") = "MIPS_Assembler", "MIPS_Assembler.vcxproj", "{CF17C6A5-B811-4529-8CFF-665D7331BB06}"
EndProject
Global
	GlobalSection(SolutionConfigurationPlatforms) = preSolution
		Debug|x64 = Debug|x64
		Debug|x86 = Debug|x86
		Release|x64 = Release|x64
		Release|x86 = Release|x86
	EndGlobalSection
	GlobalSection(ProjectConfigurationPlatforms) = postSolution
		{CF17C6A5-B811-4529-8CFF-665D7331BB06}.Debug|x64.ActiveCfg = Debug|x64
		{CF17C6A5-B811-4529-8CFF-665D7331BB06}.Debug|x64.Build.0 = Debug|x64
		{CF17C6A5-B811-4529-8CFF-665D7331BB06}.Debug|x86.ActiveCfg = Debug|Win32
		{CF17C6A5-B811-4529-8CFF-665D7331BB06}.Debug|x86.Build.0 = Debug|Win32
		{CF17C6A5-B811-4529-8CFF-665D7331BB06}.Release|x64.ActiveCfg = Release|x64
		{CF17C6A5-B811-4529-8CFF-665D7331BB06}.Release|x64.Build.0 = Release|x64
		{CF17C6A5-B811-4529-8CFF-665D7331BB06}.Release|x86.ActiveCfg = Release|Win32
		{CF17C6A5-B811-4529-8CFF-665D7331BB06}.Release|x86.Build.0 = Release|Win32
	EndGlobalSection
	GlobalSection(SolutionProperties) = preSolution
		HideSolutionNode = FALSE
	EndGlobalSection
	GlobalSection(ExtensibilityGlobals) = postSolution
		SolutionGuid = {4D99A1F1-06AA-42C9-998B-C31789984DD7}
	EndGlobalSection
EndGlobal
